{
    "name": "@sector-labs/seo-slip",
    "version": "1.0.0",
    "lockfileVersion": 2,
    "requires": true,
    "packages": {
        "": {
            "name": "@sector-labs/seo-slip",
            "version": "1.0.0",
            "license": "MIT",
            "dependencies": {
                "csv-parse": "^4.15.3",
                "node-fetch": "^2.6.1",
                "robots-parser": "^2.3.0",
                "simplecrawler": "^1.1.9",
                "xpath-html": "^1.0.2"
            },
            "devDependencies": {
                "prettier": "2.2.1"
            }
        },
        "node_modules/async": {
            "version": "3.2.0",
            "resolved": "https://registry.npmjs.org/async/-/async-3.2.0.tgz",
            "integrity": "sha512-TR2mEZFVOj2pLStYxLht7TyfuRzaydfpxr3k9RpHIzMgw7A64dzsdqCxH1WJyQdoe8T10nDXd9wnEigmiuHIZw=="
        },
        "node_modules/csv-parse": {
            "version": "4.15.3",
            "resolved": "https://registry.npmjs.org/csv-parse/-/csv-parse-4.15.3.tgz",
            "integrity": "sha512-jlTqDvLdHnYMSr08ynNfk4IAUSJgJjTKy2U5CQBSu4cN9vQOJonLVZP4Qo4gKKrIgIQ5dr07UwOJdi+lRqT12w=="
        },
        "node_modules/iconv-lite": {
            "version": "0.5.2",
            "resolved": "https://registry.npmjs.org/iconv-lite/-/iconv-lite-0.5.2.tgz",
            "integrity": "sha512-kERHXvpSaB4aU3eANwidg79K8FlrN77m8G9V+0vOR3HYaRifrlwMEpT7ZBJqLSEIHnEgJTHcWK82wwLwwKwtag==",
            "dependencies": {
                "safer-buffer": ">= 2.1.2 < 3"
            },
            "engines": {
                "node": ">=0.10.0"
            }
        },
        "node_modules/lodash.get": {
            "version": "4.4.2",
            "resolved": "https://registry.npmjs.org/lodash.get/-/lodash.get-4.4.2.tgz",
            "integrity": "sha1-LRd/ZS+jHpObRDjVNBSZ36OCXpk="
        },
        "node_modules/node-fetch": {
            "version": "2.6.1",
            "resolved": "https://registry.npmjs.org/node-fetch/-/node-fetch-2.6.1.tgz",
            "integrity": "sha512-V4aYg89jEoVRxRb2fJdAg8FHvI7cEyYdVAh94HH0UIK8oJxUfkjlDQN9RbMx+bEjP7+ggMiFRprSti032Oipxw==",
            "engines": {
                "node": "4.x || >=6.0.0"
            }
        },
        "node_modules/parse5": {
            "version": "6.0.0",
            "resolved": "https://registry.npmjs.org/parse5/-/parse5-6.0.0.tgz",
            "integrity": "sha512-lC0A+4DefTdRr+DLQlEwwZqndL9VzEjiuegI5bj3hp4bnzzwQldSqCpHv7+msRpSOHGJyJvkcCa4q15LMUJ8rg=="
        },
        "node_modules/prettier": {
            "version": "2.2.1",
            "resolved": "https://registry.npmjs.org/prettier/-/prettier-2.2.1.tgz",
            "integrity": "sha512-PqyhM2yCjg/oKkFPtTGUojv7gnZAoG80ttl45O6x2Ug/rMJw4wcc9k6aaf2hibP7BGVCCM33gZoGjyvt9mm16Q==",
            "dev": true,
            "bin": {
                "prettier": "bin-prettier.js"
            },
            "engines": {
                "node": ">=10.13.0"
            }
        },
        "node_modules/robots-parser": {
            "version": "2.3.0",
            "resolved": "https://registry.npmjs.org/robots-parser/-/robots-parser-2.3.0.tgz",
            "integrity": "sha512-RvuCITckrHM9k8DxCCU9rqWpuuKRfVX9iHG751dC3/EdERxp9gJATxYYdYOT3L0T+TAT4+27lENisk/VbHm47A=="
        },
        "node_modules/safer-buffer": {
            "version": "2.1.2",
            "resolved": "https://registry.npmjs.org/safer-buffer/-/safer-buffer-2.1.2.tgz",
            "integrity": "sha512-YZo3K82SD7Riyi0E1EQPojLz7kpepnSQI9IyPbHHg1XXXevb5dJI7tpyN2ADxGcQbHG7vcyRHk0cbwqcQriUtg=="
        },
        "node_modules/simplecrawler": {
            "version": "1.1.9",
            "resolved": "https://registry.npmjs.org/simplecrawler/-/simplecrawler-1.1.9.tgz",
            "integrity": "sha512-IY5YmeJWvfc1zpy9so1p/EknCqNum3Y9tmnzuLWZqKEwbntGXPGvN0SOtr+XqT4BHjfek2C12g3Tg1yK7Hoh8g==",
            "dependencies": {
                "async": "^3.1.0",
                "iconv-lite": "^0.5.0",
                "robots-parser": "^2.1.1",
                "urijs": "^1.19.1"
            },
            "bin": {
                "crawl": "lib/cli.js"
            },
            "engines": {
                "node": ">=8"
            }
        },
        "node_modules/urijs": {
            "version": "1.19.6",
            "resolved": "https://registry.npmjs.org/urijs/-/urijs-1.19.6.tgz",
            "integrity": "sha512-eSXsXZ2jLvGWeLYlQA3Gh36BcjF+0amo92+wHPyN1mdR8Nxf75fuEuYTd9c0a+m/vhCjRK0ESlE9YNLW+E1VEw=="
        },
        "node_modules/xmldom": {
            "version": "0.3.0",
            "resolved": "https://registry.npmjs.org/xmldom/-/xmldom-0.3.0.tgz",
            "integrity": "sha512-z9s6k3wxE+aZHgXYxSTpGDo7BYOUfJsIRyoZiX6HTjwpwfS2wpQBQKa2fD+ShLyPkqDYo5ud7KitmLZ2Cd6r0g==",
            "deprecated": "Deprecated due to CVE-2021-21366 resolved in 0.5.0",
            "engines": {
                "node": ">=10.0.0"
            }
        },
        "node_modules/xmlserializer": {
            "version": "0.6.1",
            "resolved": "https://registry.npmjs.org/xmlserializer/-/xmlserializer-0.6.1.tgz",
            "integrity": "sha512-FNb0eEqqUUbnuvxuHqNuKH8qCGKqxu+558Zi8UzOoQk8Z9LdvpONK+v7m3gpKVHrk5Aq+0nNLsKxu/6OYh7Umw=="
        },
        "node_modules/xpath": {
            "version": "0.0.27",
            "resolved": "https://registry.npmjs.org/xpath/-/xpath-0.0.27.tgz",
            "integrity": "sha512-fg03WRxtkCV6ohClePNAECYsmpKKTv5L8y/X3Dn1hQrec3POx2jHZ/0P2qQ6HvsrU1BmeqXcof3NGGueG6LxwQ==",
            "engines": {
                "node": ">=0.6.0"
            }
        },
        "node_modules/xpath-html": {
            "version": "1.0.2",
            "resolved": "https://registry.npmjs.org/xpath-html/-/xpath-html-1.0.2.tgz",
            "integrity": "sha512-EuwNG90Gpm/azSf9CphUCnX3Mp6IEvIZpltM9sRITcqso3LX+1+AOOBH/Sqj0fh8Q0pArGGDkxaYDQ/hs+10IA==",
            "dependencies": {
                "lodash.get": "4.4.2",
                "parse5": "6.0.0",
                "xmldom": "0.3.0",
                "xmlserializer": "0.6.1",
                "xpath": "0.0.27"
            }
        }
    },
    "dependencies": {
        "async": {
            "version": "3.2.0",
            "resolved": "https://registry.npmjs.org/async/-/async-3.2.0.tgz",
            "integrity": "sha512-TR2mEZFVOj2pLStYxLht7TyfuRzaydfpxr3k9RpHIzMgw7A64dzsdqCxH1WJyQdoe8T10nDXd9wnEigmiuHIZw=="
        },
        "csv-parse": {
            "version": "4.15.3",
            "resolved": "https://registry.npmjs.org/csv-parse/-/csv-parse-4.15.3.tgz",
            "integrity": "sha512-jlTqDvLdHnYMSr08ynNfk4IAUSJgJjTKy2U5CQBSu4cN9vQOJonLVZP4Qo4gKKrIgIQ5dr07UwOJdi+lRqT12w=="
        },
        "iconv-lite": {
            "version": "0.5.2",
            "resolved": "https://registry.npmjs.org/iconv-lite/-/iconv-lite-0.5.2.tgz",
            "integrity": "sha512-kERHXvpSaB4aU3eANwidg79K8FlrN77m8G9V+0vOR3HYaRifrlwMEpT7ZBJqLSEIHnEgJTHcWK82wwLwwKwtag==",
            "requires": {
                "safer-buffer": ">= 2.1.2 < 3"
            }
        },
        "lodash.get": {
            "version": "4.4.2",
            "resolved": "https://registry.npmjs.org/lodash.get/-/lodash.get-4.4.2.tgz",
            "integrity": "sha1-LRd/ZS+jHpObRDjVNBSZ36OCXpk="
        },
        "node-fetch": {
            "version": "2.6.1",
            "resolved": "https://registry.npmjs.org/node-fetch/-/node-fetch-2.6.1.tgz",
            "integrity": "sha512-V4aYg89jEoVRxRb2fJdAg8FHvI7cEyYdVAh94HH0UIK8oJxUfkjlDQN9RbMx+bEjP7+ggMiFRprSti032Oipxw=="
        },
        "parse5": {
            "version": "6.0.0",
            "resolved": "https://registry.npmjs.org/parse5/-/parse5-6.0.0.tgz",
            "integrity": "sha512-lC0A+4DefTdRr+DLQlEwwZqndL9VzEjiuegI5bj3hp4bnzzwQldSqCpHv7+msRpSOHGJyJvkcCa4q15LMUJ8rg=="
        },
        "prettier": {
            "version": "2.2.1",
            "resolved": "https://registry.npmjs.org/prettier/-/prettier-2.2.1.tgz",
            "integrity": "sha512-PqyhM2yCjg/oKkFPtTGUojv7gnZAoG80ttl45O6x2Ug/rMJw4wcc9k6aaf2hibP7BGVCCM33gZoGjyvt9mm16Q==",
            "dev": true
        },
        "robots-parser": {
            "version": "2.3.0",
            "resolved": "https://registry.npmjs.org/robots-parser/-/robots-parser-2.3.0.tgz",
            "integrity": "sha512-RvuCITckrHM9k8DxCCU9rqWpuuKRfVX9iHG751dC3/EdERxp9gJATxYYdYOT3L0T+TAT4+27lENisk/VbHm47A=="
        },
        "safer-buffer": {
            "version": "2.1.2",
            "resolved": "https://registry.npmjs.org/safer-buffer/-/safer-buffer-2.1.2.tgz",
            "integrity": "sha512-YZo3K82SD7Riyi0E1EQPojLz7kpepnSQI9IyPbHHg1XXXevb5dJI7tpyN2ADxGcQbHG7vcyRHk0cbwqcQriUtg=="
        },
        "simplecrawler": {
            "version": "1.1.9",
            "resolved": "https://registry.npmjs.org/simplecrawler/-/simplecrawler-1.1.9.tgz",
            "integrity": "sha512-IY5YmeJWvfc1zpy9so1p/EknCqNum3Y9tmnzuLWZqKEwbntGXPGvN0SOtr+XqT4BHjfek2C12g3Tg1yK7Hoh8g==",
            "requires": {
                "async": "^3.1.0",
                "iconv-lite": "^0.5.0",
                "robots-parser": "^2.1.1",
                "urijs": "^1.19.1"
            }
        },
        "urijs": {
            "version": "1.19.6",
            "resolved": "https://registry.npmjs.org/urijs/-/urijs-1.19.6.tgz",
            "integrity": "sha512-eSXsXZ2jLvGWeLYlQA3Gh36BcjF+0amo92+wHPyN1mdR8Nxf75fuEuYTd9c0a+m/vhCjRK0ESlE9YNLW+E1VEw=="
        },
        "xmldom": {
            "version": "0.3.0",
            "resolved": "https://registry.npmjs.org/xmldom/-/xmldom-0.3.0.tgz",
            "integrity": "sha512-z9s6k3wxE+aZHgXYxSTpGDo7BYOUfJsIRyoZiX6HTjwpwfS2wpQBQKa2fD+ShLyPkqDYo5ud7KitmLZ2Cd6r0g=="
        },
        "xmlserializer": {
            "version": "0.6.1",
            "resolved": "https://registry.npmjs.org/xmlserializer/-/xmlserializer-0.6.1.tgz",
            "integrity": "sha512-FNb0eEqqUUbnuvxuHqNuKH8qCGKqxu+558Zi8UzOoQk8Z9LdvpONK+v7m3gpKVHrk5Aq+0nNLsKxu/6OYh7Umw=="
        },
        "xpath": {
            "version": "0.0.27",
            "resolved": "https://registry.npmjs.org/xpath/-/xpath-0.0.27.tgz",
            "integrity": "sha512-fg03WRxtkCV6ohClePNAECYsmpKKTv5L8y/X3Dn1hQrec3POx2jHZ/0P2qQ6HvsrU1BmeqXcof3NGGueG6LxwQ=="
        },
        "xpath-html": {
            "version": "1.0.2",
            "resolved": "https://registry.npmjs.org/xpath-html/-/xpath-html-1.0.2.tgz",
            "integrity": "sha512-EuwNG90Gpm/azSf9CphUCnX3Mp6IEvIZpltM9sRITcqso3LX+1+AOOBH/Sqj0fh8Q0pArGGDkxaYDQ/hs+10IA==",
            "requires": {
                "lodash.get": "4.4.2",
                "parse5": "6.0.0",
                "xmldom": "0.3.0",
                "xmlserializer": "0.6.1",
                "xpath": "0.0.27"
            }
        }
    }
}
